
Microsoft Visual Studio Solution File, Format Version 12.00
# Visual Studio Version 16
VisualStudioVersion = 16.0.30717.126
MinimumVisualStudioVersion = 10.0.40219.1
Project("{FAE04EC0-301F-11D3-BF4B-00C04F79EFBC}") = "KosmaKotschmarówLab7ZadanieDomowe", "KosmaKotschmarówLab7ZadanieDomowe.csproj", "{A9967C5A-8398-4C78-B540-12784E0504DB}"
EndProject
Global
	GlobalSection(SolutionConfigurationPlatforms) = preSolution
		Debug|Any CPU = Debug|Any CPU
		Release|Any CPU = Release|Any CPU
	EndGlobalSection
	GlobalSection(ProjectConfigurationPlatforms) = postSolution
		{A9967C5A-8398-4C78-B540-12784E0504DB}.Debug|Any CPU.ActiveCfg = Debug|Any CPU
		{A9967C5A-8398-4C78-B540-12784E0504DB}.Debug|Any CPU.Build.0 = Debug|Any CPU
		{A9967C5A-8398-4C78-B540-12784E0504DB}.Release|Any CPU.ActiveCfg = Release|Any CPU
		{A9967C5A-8398-4C78-B540-12784E0504DB}.Release|Any CPU.Build.0 = Release|Any CPU
	EndGlobalSection
	GlobalSection(SolutionProperties) = preSolution
		HideSolutionNode = FALSE
	EndGlobalSection
	GlobalSection(ExtensibilityGlobals) = postSolution
		SolutionGuid = {4150ECE9-0AB1-4880-AE9A-428432956DD0}
	EndGlobalSection
EndGlobal
