
Microsoft Visual Studio Solution File, Format Version 12.00
# Visual Studio Version 16
VisualStudioVersion = 16.0.30524.135
MinimumVisualStudioVersion = 10.0.40219.1
Project("{8BC9CEB8-8B4A-11D0-8D11-00A0C91BC942}") = "KodPowrotu", "EnvVars\EnvVars.vcxproj", "{60D0C1AF-9BB6-43CB-B4E7-FF2645129774}"
EndProject
Project("{8BC9CEB8-8B4A-11D0-8D11-00A0C91BC942}") = "PokazWszystkie", "PokazWszystkie\PokazWszystkie.vcxproj", "{8294CF30-35C0-4EB3-AE8D-AFC492E7750A}"
EndProject
Global
	GlobalSection(SolutionConfigurationPlatforms) = preSolution
		Debug|x64 = Debug|x64
		Debug|x86 = Debug|x86
		Release|x64 = Release|x64
		Release|x86 = Release|x86
	EndGlobalSection
	GlobalSection(ProjectConfigurationPlatforms) = postSolution
		{60D0C1AF-9BB6-43CB-B4E7-FF2645129774}.Debug|x64.ActiveCfg = Debug|x64
		{60D0C1AF-9BB6-43CB-B4E7-FF2645129774}.Debug|x64.Build.0 = Debug|x64
		{60D0C1AF-9BB6-43CB-B4E7-FF2645129774}.Debug|x86.ActiveCfg = Debug|Win32
		{60D0C1AF-9BB6-43CB-B4E7-FF2645129774}.Debug|x86.Build.0 = Debug|Win32
		{60D0C1AF-9BB6-43CB-B4E7-FF2645129774}.Release|x64.ActiveCfg = Release|x64
		{60D0C1AF-9BB6-43CB-B4E7-FF2645129774}.Release|x64.Build.0 = Release|x64
		{60D0C1AF-9BB6-43CB-B4E7-FF2645129774}.Release|x86.ActiveCfg = Release|Win32
		{60D0C1AF-9BB6-43CB-B4E7-FF2645129774}.Release|x86.Build.0 = Release|Win32
		{8294CF30-35C0-4EB3-AE8D-AFC492E7750A}.Debug|x64.ActiveCfg = Debug|x64
		{8294CF30-35C0-4EB3-AE8D-AFC492E7750A}.Debug|x64.Build.0 = Debug|x64
		{8294CF30-35C0-4EB3-AE8D-AFC492E7750A}.Debug|x86.ActiveCfg = Debug|Win32
		{8294CF30-35C0-4EB3-AE8D-AFC492E7750A}.Debug|x86.Build.0 = Debug|Win32
		{8294CF30-35C0-4EB3-AE8D-AFC492E7750A}.Release|x64.ActiveCfg = Release|x64
		{8294CF30-35C0-4EB3-AE8D-AFC492E7750A}.Release|x64.Build.0 = Release|x64
		{8294CF30-35C0-4EB3-AE8D-AFC492E7750A}.Release|x86.ActiveCfg = Release|Win32
		{8294CF30-35C0-4EB3-AE8D-AFC492E7750A}.Release|x86.Build.0 = Release|Win32
	EndGlobalSection
	GlobalSection(SolutionProperties) = preSolution
		HideSolutionNode = FALSE
	EndGlobalSection
	GlobalSection(ExtensibilityGlobals) = postSolution
		SolutionGuid = {31EA3B69-C8D0-4902-BE6F-C34015AAA167}
	EndGlobalSection
EndGlobal
